
Microsoft Visual Studio Solution File, Format Version 12.00
# Visual Studio Version 17
VisualStudioVersion = 17.5.33530.505
MinimumVisualStudioVersion = 10.0.40219.1
Project("{FAE04EC0-301F-11D3-BF4B-00C04F79EFBC}") = "C# Entity Framework Players", "C# Entity Framework Players\C# Entity Framework Players.csproj", "{599C6583-F672-4C3E-B1DC-8C22D7AACD4A}"
EndProject
Global
	GlobalSection(SolutionConfigurationPlatforms) = preSolution
		Debug|Any CPU = Debug|Any CPU
		Release|Any CPU = Release|Any CPU
	EndGlobalSection
	GlobalSection(ProjectConfigurationPlatforms) = postSolution
		{599C6583-F672-4C3E-B1DC-8C22D7AACD4A}.Debug|Any CPU.ActiveCfg = Debug|Any CPU
		{599C6583-F672-4C3E-B1DC-8C22D7AACD4A}.Debug|Any CPU.Build.0 = Debug|Any CPU
		{599C6583-F672-4C3E-B1DC-8C22D7AACD4A}.Release|Any CPU.ActiveCfg = Release|Any CPU
		{599C6583-F672-4C3E-B1DC-8C22D7AACD4A}.Release|Any CPU.Build.0 = Release|Any CPU
	EndGlobalSection
	GlobalSection(SolutionProperties) = preSolution
		HideSolutionNode = FALSE
	EndGlobalSection
	GlobalSection(ExtensibilityGlobals) = postSolution
		SolutionGuid = {7123E6ED-965D-436C-8524-06DAE38D4DA7}
	EndGlobalSection
EndGlobal
